
Microsoft Visual Studio Solution File, Format Version 12.00
# Visual Studio Version 17
VisualStudioVersion = 17.2.32526.322
MinimumVisualStudioVersion = 10.0.40219.1
Project("{FAE04EC0-301F-11D3-BF4B-00C04F79EFBC}") = "ConsoleApp4", "ConsoleApp4\ConsoleApp4.csproj", "{5B758D9A-4259-4D72-923C-470D6FB33623}"
EndProject
Global
	GlobalSection(SolutionConfigurationPlatforms) = preSolution
		Debug|Any CPU = Debug|Any CPU
		Release|Any CPU = Release|Any CPU
	EndGlobalSection
	GlobalSection(ProjectConfigurationPlatforms) = postSolution
		{5B758D9A-4259-4D72-923C-470D6FB33623}.Debug|Any CPU.ActiveCfg = Debug|Any CPU
		{5B758D9A-4259-4D72-923C-470D6FB33623}.Debug|Any CPU.Build.0 = Debug|Any CPU
		{5B758D9A-4259-4D72-923C-470D6FB33623}.Release|Any CPU.ActiveCfg = Release|Any CPU
		{5B758D9A-4259-4D72-923C-470D6FB33623}.Release|Any CPU.Build.0 = Release|Any CPU
	EndGlobalSection
	GlobalSection(SolutionProperties) = preSolution
		HideSolutionNode = FALSE
	EndGlobalSection
	GlobalSection(ExtensibilityGlobals) = postSolution
		SolutionGuid = {8411DF33-67B2-4DC8-BCBF-5D9135885919}
	EndGlobalSection
EndGlobal
